
Microsoft Visual Studio Solution File, Format Version 11.00
# Visual Studio 2010
Project("{FAE04EC0-301F-11D3-BF4B-00C04F79EFBC}") = "ControleCondominio", "ControleCondominio\ControleCondominio.csproj", "{202C1432-F6A0-40A6-AA5F-A7C30C0BBDA3}"
EndProject
Global
	GlobalSection(SolutionConfigurationPlatforms) = preSolution
		Debug|x86 = Debug|x86
		Release|x86 = Release|x86
	EndGlobalSection
	GlobalSection(ProjectConfigurationPlatforms) = postSolution
		{202C1432-F6A0-40A6-AA5F-A7C30C0BBDA3}.Debug|x86.ActiveCfg = Debug|x86
		{202C1432-F6A0-40A6-AA5F-A7C30C0BBDA3}.Debug|x86.Build.0 = Debug|x86
		{202C1432-F6A0-40A6-AA5F-A7C30C0BBDA3}.Release|x86.ActiveCfg = Release|x86
		{202C1432-F6A0-40A6-AA5F-A7C30C0BBDA3}.Release|x86.Build.0 = Release|x86
	EndGlobalSection
	GlobalSection(SolutionProperties) = preSolution
		HideSolutionNode = FALSE
	EndGlobalSection
EndGlobal
